
Microsoft Visual Studio Solution File, Format Version 12.00
# Visual Studio Version 17
VisualStudioVersion = 17.7.34003.232
MinimumVisualStudioVersion = 10.0.40219.1
Project("{FAE04EC0-301F-11D3-BF4B-00C04F79EFBC}") = "ProyectoTaller", "ProyectoTaller.csproj", "{F6C093A9-7EEF-4369-94F2-8798018A7D79}"
EndProject
Global
	GlobalSection(SolutionConfigurationPlatforms) = preSolution
		Debug|Any CPU = Debug|Any CPU
		Release|Any CPU = Release|Any CPU
	EndGlobalSection
	GlobalSection(ProjectConfigurationPlatforms) = postSolution
		{F6C093A9-7EEF-4369-94F2-8798018A7D79}.Debug|Any CPU.ActiveCfg = Debug|Any CPU
		{F6C093A9-7EEF-4369-94F2-8798018A7D79}.Debug|Any CPU.Build.0 = Debug|Any CPU
		{F6C093A9-7EEF-4369-94F2-8798018A7D79}.Release|Any CPU.ActiveCfg = Release|Any CPU
		{F6C093A9-7EEF-4369-94F2-8798018A7D79}.Release|Any CPU.Build.0 = Release|Any CPU
	EndGlobalSection
	GlobalSection(SolutionProperties) = preSolution
		HideSolutionNode = FALSE
	EndGlobalSection
	GlobalSection(ExtensibilityGlobals) = postSolution
		SolutionGuid = {DEAB9CE5-53F0-4DC5-9991-7BE873095230}
	EndGlobalSection
EndGlobal
